
Microsoft Visual Studio Solution File, Format Version 12.00
# Visual Studio Version 17
VisualStudioVersion = 17.5.33530.505
MinimumVisualStudioVersion = 10.0.40219.1
Project("{FAE04EC0-301F-11D3-BF4B-00C04F79EFBC}") = "BackEndProject", "BackEndProject\BackEndProject.csproj", "{CA2B37C5-E364-4536-9B61-43EB82291D1F}"
EndProject
Global
	GlobalSection(SolutionConfigurationPlatforms) = preSolution
		Debug|Any CPU = Debug|Any CPU
		Release|Any CPU = Release|Any CPU
	EndGlobalSection
	GlobalSection(ProjectConfigurationPlatforms) = postSolution
		{CA2B37C5-E364-4536-9B61-43EB82291D1F}.Debug|Any CPU.ActiveCfg = Debug|Any CPU
		{CA2B37C5-E364-4536-9B61-43EB82291D1F}.Debug|Any CPU.Build.0 = Debug|Any CPU
		{CA2B37C5-E364-4536-9B61-43EB82291D1F}.Release|Any CPU.ActiveCfg = Release|Any CPU
		{CA2B37C5-E364-4536-9B61-43EB82291D1F}.Release|Any CPU.Build.0 = Release|Any CPU
	EndGlobalSection
	GlobalSection(SolutionProperties) = preSolution
		HideSolutionNode = FALSE
	EndGlobalSection
	GlobalSection(ExtensibilityGlobals) = postSolution
		SolutionGuid = {213DD839-8A7A-4910-9140-5A4A2DA9E89B}
	EndGlobalSection
EndGlobal
